
Microsoft Visual Studio Solution File, Format Version 12.00
# Visual Studio Version 17
VisualStudioVersion = 17.7.34221.43
MinimumVisualStudioVersion = 10.0.40219.1
Project("{FAE04EC0-301F-11D3-BF4B-00C04F79EFBC}") = "TicTacToeGame-LLD", "TicTacToeGame-LLD\TicTacToeGame-LLD.csproj", "{912ECEBC-B89E-4B79-A232-985B0126F342}"
EndProject
Global
	GlobalSection(SolutionConfigurationPlatforms) = preSolution
		Debug|Any CPU = Debug|Any CPU
		Release|Any CPU = Release|Any CPU
	EndGlobalSection
	GlobalSection(ProjectConfigurationPlatforms) = postSolution
		{912ECEBC-B89E-4B79-A232-985B0126F342}.Debug|Any CPU.ActiveCfg = Debug|Any CPU
		{912ECEBC-B89E-4B79-A232-985B0126F342}.Debug|Any CPU.Build.0 = Debug|Any CPU
		{912ECEBC-B89E-4B79-A232-985B0126F342}.Release|Any CPU.ActiveCfg = Release|Any CPU
		{912ECEBC-B89E-4B79-A232-985B0126F342}.Release|Any CPU.Build.0 = Release|Any CPU
	EndGlobalSection
	GlobalSection(SolutionProperties) = preSolution
		HideSolutionNode = FALSE
	EndGlobalSection
	GlobalSection(ExtensibilityGlobals) = postSolution
		SolutionGuid = {46F4D70E-C46C-41F5-A88B-34FF8EC8F9F1}
	EndGlobalSection
EndGlobal
